// !$*UTF8*$!
{
	archiveVersion = 1;
	classes = {
	};
	objectVersion = 46;
	objects = {

/* Begin PBXBuildFile section */
		DBA0BFC11E280E6C004C31E9 /* AppDelegate.swift in Sources */ = {isa = PBXBuildFile; fileRef = DBA0BFC01E280E6C004C31E9 /* AppDelegate.swift */; };
		DBA0BFC31E280E6C004C31E9 /* ViewController.swift in Sources */ = {isa = PBXBuildFile; fileRef = DBA0BFC21E280E6C004C31E9 /* ViewController.swift */; };
		DBA0BFC61E280E6C004C31E9 /* Main.storyboard in Resources */ = {isa = PBXBuildFile; fileRef = DBA0BFC41E280E6C004C31E9 /* Main.storyboard */; };
		DBA0BFC81E280E6C004C31E9 /* Assets.xcassets in Resources */ = {isa = PBXBuildFile; fileRef = DBA0BFC71E280E6C004C31E9 /* Assets.xcassets */; };
		DBA0BFCB1E280E6C004C31E9 /* LaunchScreen.storyboard in Resources */ = {isa = PBXBuildFile; fileRef = DBA0BFC91E280E6C004C31E9 /* LaunchScreen.storyboard */; };
/* End PBXBuildFile section */

/* Begin PBXFileReference section */
		DBA0BFBD1E280E6C004C31E9 /* LocalPushNotificationExample.app */ = {isa = PBXFileReference; explicitFileType = wrapper.application; includeInIndex = 0; path = LocalPushNotificationExample.app; sourceTree = BUILT_PRODUCTS_DIR; };
		DBA0BFC01E280E6C004C31E9 /* AppDelegate.swift */ = {isa = PBXFileReference; lastKnownFileType = sourcecode.swift; path = AppDelegate.swift; sourceTree = "<group>"; };
		DBA0BFC21E280E6C004C31E9 /* ViewController.swift */ = {isa = PBXFileReference; lastKnownFileType = sourcecode.swift; path = ViewController.swift; sourceTree = "<group>"; };
		DBA0BFC51E280E6C004C31E9 /* Base */ = {isa = PBXFileReference; lastKnownFileType = file.storyboard; name = Base; path = Base.lproj/Main.storyboard; sourceTree = "<group>"; };
		DBA0BFC71E280E6C004C31E9 /* Assets.xcassets */ = {isa = PBXFileReference; lastKnownFileType = folder.assetcatalog; path = Assets.xcassets; sourceTree = "<group>"; };
		DBA0BFCA1E280E6C004C31E9 /* Base */ = {isa = PBXFileReference; lastKnownFileType = file.storyboard; name = Base; path = Base.lproj/LaunchScreen.storyboard; sourceTree = "<group>"; };
		DBA0BFCC1E280E6C004C31E9 /* Info.plist */ = {isa = PBXFileReference; lastKnownFileType = text.plist.xml; path = Info.plist; sourceTree = "<group>"; };
/* End PBXFileReference section */

/* Begin PBXFrameworksBuildPhase section */
		DBA0BFBA1E280E6C004C31E9 /* Frameworks */ = {
			isa = PBXFrameworksBuildPhase;
			buildActionMask = 2147483647;
			files = (
			);
			runOnlyForDeploymentPostprocessing = 0;
		};
/* End PBXFrameworksBuildPhase section */

/* Begin PBXGroup section */
		DBA0BFB41E280E6C004C31E9 = {
			isa = PBXGroup;
			children = (
				DBA0BFBF1E280E6C004C31E9 /* LocalPushNotificationExample */,
				DBA0BFBE1E280E6C004C31E9 /* Products */,
			);
			sourceTree = "<group>";
		};
		DBA0BFBE1E280E6C004C31E9 /* Products */ = {
			isa = PBXGroup;
			children = (
				DBA0BFBD1E280E6C004C31E9 /* LocalPushNotificationExample.app */,
			);
			name = Products;
			sourceTree = "<group>";
		};
		DBA0BFBF1E280E6C004C31E9 /* LocalPushNotificationExample */ = {
			isa = PBXGroup;
			children = (
				DBA0BFC01E280E6C004C31E9 /* AppDelegate.swift */,
				DBA0BFC21E280E6C004C31E9 /* ViewController.swift */,
				DBA0BFC41E280E6C004C31E9 /* Main.storyboard */,
				DBA0BFC71E280E6C004C31E9 /* Assets.xcassets */,
				DBA0BFC91E280E6C004C31E9 /* LaunchScreen.storyboard */,
				DBA0BFCC1E280E6C004C31E9 /* Info.plist */,
			);
			path = LocalPushNotificationExample;
			sourceTree = "<group>";
		};
/* End PBXGroup section */

/* Begin PBXNativeTarget section */
		DBA0BFBC1E280E6C004C31E9 /* LocalPushNotificationExample */ = {
			isa = PBXNativeTarget;
			buildConfigurationList = DBA0BFCF1E280E6C004C31E9 /* Build configuration list for PBXNativeTarget "LocalPushNotificationExample" */;
			buildPhases = (
				DBA0BFB91E280E6C004C31E9 /* Sources */,
				DBA0BFBA1E280E6C004C31E9 /* Frameworks */,
				DBA0BFBB1E280E6C004C31E9 /* Resources */,
			);
			buildRules = (
			);
			dependencies = (
			);
			name = LocalPushNotificationExample;
			productName = LocalPushNotificationExample;
			productReference = DBA0BFBD1E280E6C004C31E9 /* LocalPushNotificationExample.app */;
			productType = "com.apple.product-type.application";
		};
/* End PBXNativeTarget section */

/* Begin PBXProject section */
		DBA0BFB51E280E6C004C31E9 /* Project object */ = {
			isa = PBXProject;
			attributes = {
				LastSwiftUpdateCheck = 0810;
				LastUpgradeCheck = 0810;
				ORGANIZATIONNAME = "WillowTree Apps, Inc.";
				TargetAttributes = {
					DBA0BFBC1E280E6C004C31E9 = {
						CreatedOnToolsVersion = 8.1;
						ProvisioningStyle = Automatic;
					};
				};
			};
			buildConfigurationList = DBA0BFB81E280E6C004C31E9 /* Build configuration list for PBXProject "LocalPushNotificationExample" */;
			compatibilityVersion = "Xcode 3.2";
			developmentRegion = English;
			hasScannedForEncodings = 0;
			knownRegions = (
				en,
				Base,
			);
			mainGroup = DBA0BFB41E280E6C004C31E9;
			productRefGroup = DBA0BFBE1E280E6C004C31E9 /* Products */;
			projectDirPath = "";
			projectRoot = "";
			targets = (
				DBA0BFBC1E280E6C004C31E9 /* LocalPushNotificationExample */,
			);
		};
/* End PBXProject section */

/* Begin PBXResourcesBuildPhase section */
		DBA0BFBB1E280E6C004C31E9 /* Resources */ = {
			isa = PBXResourcesBuildPhase;
			buildActionMask = 2147483647;
			files = (
				DBA0BFCB1E280E6C004C31E9 /* LaunchScreen.storyboard in Resources */,
				DBA0BFC81E280E6C004C31E9 /* Assets.xcassets in Resources */,
				DBA0BFC61E280E6C004C31E9 /* Main.storyboard in Resources */,
			);
			runOnlyForDeploymentPostprocessing = 0;
		};
/* End PBXResourcesBuildPhase section */

/* Begin PBXSourcesBuildPhase section */
		DBA0BFB91E280E6C004C31E9 /* Sources */ = {
			isa = PBXSourcesBuildPhase;
			buildActionMask = 2147483647;
			files = (
				DBA0BFC31E280E6C004C31E9 /* ViewController.swift in Sources */,
				DBA0BFC11E280E6C004C31E9 /* AppDelegate.swift in Sources */,
			);
			runOnlyForDeploymentPostprocessing = 0;
		};
/* End PBXSourcesBuildPhase section */

/* Begin PBXVariantGroup section */
		DBA0BFC41E280E6C004C31E9 /* Main.storyboard */ = {
			isa = PBXVariantGroup;
			children = (
				DBA0BFC51E280E6C004C31E9 /* Base */,
			);
			name = Main.storyboard;
			sourceTree = "<group>";
		};
		DBA0BFC91E280E6C004C31E9 /* LaunchScreen.storyboard */ = {
			isa = PBXVariantGroup;
			children = (
				DBA0BFCA1E280E6C004C31E9 /* Base */,
			);
			name = LaunchScreen.storyboard;
			sourceTree = "<group>";
		};
/* End PBXVariantGroup section */

/* Begin XCBuildConfiguration section */
		DBA0BFCD1E280E6C004C31E9 /* Debug */ = {
			isa = XCBuildConfiguration;
			buildSettings = {
				ALWAYS_SEARCH_USER_PATHS = NO;
				CLANG_ANALYZER_NONNULL = YES;
				CLANG_CXX_LANGUAGE_STANDARD = "gnu++0x";
				CLANG_CXX_LIBRARY = "libc++";
				CLANG_ENABLE_MODULES = YES;
				CLANG_ENABLE_OBJC_ARC = YES;
				CLANG_WARN_BOOL_CONVERSION = YES;
				CLANG_WARN_CONSTANT_CONVERSION = YES;
				CLANG_WARN_DIRECT_OBJC_ISA_USAGE = YES_ERROR;
				CLANG_WARN_DOCUMENTATION_COMMENTS = YES;
				CLANG_WARN_EMPTY_BODY = YES;
				CLANG_WARN_ENUM_CONVERSION = YES;
				CLANG_WARN_INFINITE_RECURSION = YES;
				CLANG_WARN_INT_CONVERSION = YES;
				CLANG_WARN_OBJC_ROOT_CLASS = YES_ERROR;
				CLANG_WARN_SUSPICIOUS_MOVES = YES;
				CLANG_WARN_UNREACHABLE_CODE = YES;
				CLANG_WARN__DUPLICATE_METHOD_MATCH = YES;
				"CODE_SIGN_IDENTITY[sdk=iphoneos*]" = "iPhone Developer";
				COPY_PHASE_STRIP = NO;
				DEBUG_INFORMATION_FORMAT = dwarf;
				ENABLE_STRICT_OBJC_MSGSEND = YES;
				ENABLE_TESTABILITY = YES;
				GCC_C_LANGUAGE_STANDARD = gnu99;
				GCC_DYNAMIC_NO_PIC = NO;
				GCC_NO_COMMON_BLOCKS = YES;
				GCC_OPTIMIZATION_LEVEL = 0;
				GCC_PREPROCESSOR_DEFINITIONS = (
					"DEBUG=1",
					"$(inherited)",
				);
				GCC_WARN_64_TO_32_BIT_CONVERSION = YES;
				GCC_WARN_ABOUT_RETURN_TYPE = YES_ERROR;
				GCC_WARN_UNDECLARED_SELECTOR = YES;
				GCC_WARN_UNINITIALIZED_AUTOS = YES_AGGRESSIVE;
				GCC_WARN_UNUSED_FUNCTION = YES;
				GCC_WARN_UNUSED_VARIABLE = YES;
				IPHONEOS_DEPLOYMENT_TARGET = 10.1;
				MTL_ENABLE_DEBUG_INFO = YES;
				ONLY_ACTIVE_ARCH = YES;
				SDKROOT = iphoneos;
				SWIFT_ACTIVE_COMPILATION_CONDITIONS = DEBUG;
				SWIFT_OPTIMIZATION_LEVEL = "-Onone";
			};
			name = Debug;
		};
		DBA0BFCE1E280E6C004C31E9 /* Release */ = {
			isa = XCBuildConfiguration;
			buildSettings = {
				ALWAYS_SEARCH_USER_PATHS = NO;
				CLANG_ANALYZER_NONNULL = YES;
				CLANG_CXX_LANGUAGE_STANDARD = "gnu++0x";
				CLANG_CXX_LIBRARY = "libc++";
				CLANG_ENABLE_MODULES = YES;
				CLANG_ENABLE_OBJC_ARC = YES;
				CLANG_WARN_BOOL_CONVERSION = YES;
				CLANG_WARN_CONSTANT_CONVERSION = YES;
				CLANG_WARN_DIRECT_OBJC_ISA_USAGE = YES_ERROR;
				CLANG_WARN_DOCUMENTATION_COMMENTS = YES;
				CLANG_WARN_EMPTY_BODY = YES;
				CLANG_WARN_ENUM_CONVERSION = YES;
				CLANG_WARN_INFINITE_RECURSION = YES;
				CLANG_WARN_INT_CONVERSION = YES;
				CLANG_WARN_OBJC_ROOT_CLASS = YES_ERROR;
				CLANG_WARN_SUSPICIOUS_MOVES = YES;
				CLANG_WARN_UNREACHABLE_CODE = YES;
				CLANG_WARN__DUPLICATE_METHOD_MATCH = YES;
				"CODE_SIGN_IDENTITY[sdk=iphoneos*]" = "iPhone Developer";
				COPY_PHASE_STRIP = NO;
				DEBUG_INFORMATION_FORMAT = "dwarf-with-dsym";
				ENABLE_NS_ASSERTIONS = NO;
				ENABLE_STRICT_OBJC_MSGSEND = YES;
				GCC_C_LANGUAGE_STANDARD = gnu99;
				GCC_NO_COMMON_BLOCKS = YES;
				GCC_WARN_64_TO_32_BIT_CONVERSION = YES;
				GCC_WARN_ABOUT_RETURN_TYPE = YES_ERROR;
				GCC_WARN_UNDECLARED_SELECTOR = YES;
				GCC_WARN_UNINITIALIZED_AUTOS = YES_AGGRESSIVE;
				GCC_WARN_UNUSED_FUNCTION = YES;
				GCC_WARN_UNUSED_VARIABLE = YES;
				IPHONEOS_DEPLOYMENT_TARGET = 10.1;
				MTL_ENABLE_DEBUG_INFO = NO;
				SDKROOT = iphoneos;
				SWIFT_OPTIMIZATION_LEVEL = "-Owholemodule";
				VALIDATE_PRODUCT = YES;
			};
			name = Release;
		};
		DBA0BFD01E280E6C004C31E9 /* Debug */ = {
			isa = XCBuildConfiguration;
			buildSettings = {
				ASSETCATALOG_COMPILER_APPICON_NAME = AppIcon;
				"CODE_SIGN_IDENTITY[sdk=iphoneos*]" = "iPhone Developer";
				DEVELOPMENT_TEAM = "";
				INFOPLIST_FILE = LocalPushNotificationExample/Info.plist;
				LD_RUNPATH_SEARCH_PATHS = "$(inherited) @executable_path/Frameworks";
				PRODUCT_BUNDLE_IDENTIFIER = com.willowtreeapps.LocalPushNotificationExample;
				PRODUCT_NAME = "$(TARGET_NAME)";
				SWIFT_VERSION = 3.0;
			};
			name = Debug;
		};
		DBA0BFD11E280E6C004C31E9 /* Release */ = {
			isa = XCBuildConfiguration;
			buildSettings = {
				ASSETCATALOG_COMPILER_APPICON_NAME = AppIcon;
				"CODE_SIGN_IDENTITY[sdk=iphoneos*]" = "iPhone Developer";
				DEVELOPMENT_TEAM = "";
				INFOPLIST_FILE = LocalPushNotificationExample/Info.plist;
				LD_RUNPATH_SEARCH_PATHS = "$(inherited) @executable_path/Frameworks";
				PRODUCT_BUNDLE_IDENTIFIER = com.willowtreeapps.LocalPushNotificationExample;
				PRODUCT_NAME = "$(TARGET_NAME)";
				SWIFT_VERSION = 3.0;
			};
			name = Release;
		};
/* End XCBuildConfiguration section */

/* Begin XCConfigurationList section */
		DBA0BFB81E280E6C004C31E9 /* Build configuration list for PBXProject "LocalPushNotificationExample" */ = {
			isa = XCConfigurationList;
			buildConfigurations = (
				DBA0BFCD1E280E6C004C31E9 /* Debug */,
				DBA0BFCE1E280E6C004C31E9 /* Release */,
			);
			defaultConfigurationIsVisible = 0;
			defaultConfigurationName = Release;
		};
		DBA0BFCF1E280E6C004C31E9 /* Build configuration list for PBXNativeTarget "LocalPushNotificationExample" */ = {
			isa = XCConfigurationList;
			buildConfigurations = (
				DBA0BFD01E280E6C004C31E9 /* Debug */,
				DBA0BFD11E280E6C004C31E9 /* Release */,
			);
			defaultConfigurationIsVisible = 0;
			defaultConfigurationName = Release;
		};
/* End XCConfigurationList section */
	};
	rootObject = DBA0BFB51E280E6C004C31E9 /* Project object */;
}
