// !$*UTF8*$!
{
	archiveVersion = 1;
	classes = {
	};
	objectVersion = 46;
	objects = {

/* Begin PBXBuildFile section */
		DBA608BF1E31414C006207C9 /* AppDelegate.swift in Sources */ = {isa = PBXBuildFile; fileRef = DBA608BE1E31414C006207C9 /* AppDelegate.swift */; };
		DBA608C11E31414C006207C9 /* ViewController.swift in Sources */ = {isa = PBXBuildFile; fileRef = DBA608C01E31414C006207C9 /* ViewController.swift */; };
		DBA608C41E31414C006207C9 /* Main.storyboard in Resources */ = {isa = PBXBuildFile; fileRef = DBA608C21E31414C006207C9 /* Main.storyboard */; };
		DBA608C61E31414C006207C9 /* Assets.xcassets in Resources */ = {isa = PBXBuildFile; fileRef = DBA608C51E31414C006207C9 /* Assets.xcassets */; };
		DBA608C91E31414C006207C9 /* LaunchScreen.storyboard in Resources */ = {isa = PBXBuildFile; fileRef = DBA608C71E31414C006207C9 /* LaunchScreen.storyboard */; };
		DBA608D21E314348006207C9 /* MapKit.framework in Frameworks */ = {isa = PBXBuildFile; fileRef = DBA608D11E314348006207C9 /* MapKit.framework */; };
/* End PBXBuildFile section */

/* Begin PBXFileReference section */
		DBA608BB1E31414C006207C9 /* MapKitExample.app */ = {isa = PBXFileReference; explicitFileType = wrapper.application; includeInIndex = 0; path = MapKitExample.app; sourceTree = BUILT_PRODUCTS_DIR; };
		DBA608BE1E31414C006207C9 /* AppDelegate.swift */ = {isa = PBXFileReference; lastKnownFileType = sourcecode.swift; lineEnding = 0; path = AppDelegate.swift; sourceTree = "<group>"; xcLanguageSpecificationIdentifier = xcode.lang.swift; };
		DBA608C01E31414C006207C9 /* ViewController.swift */ = {isa = PBXFileReference; lastKnownFileType = sourcecode.swift; path = ViewController.swift; sourceTree = "<group>"; };
		DBA608C31E31414C006207C9 /* Base */ = {isa = PBXFileReference; lastKnownFileType = file.storyboard; name = Base; path = Base.lproj/Main.storyboard; sourceTree = "<group>"; };
		DBA608C51E31414C006207C9 /* Assets.xcassets */ = {isa = PBXFileReference; lastKnownFileType = folder.assetcatalog; path = Assets.xcassets; sourceTree = "<group>"; };
		DBA608C81E31414C006207C9 /* Base */ = {isa = PBXFileReference; lastKnownFileType = file.storyboard; name = Base; path = Base.lproj/LaunchScreen.storyboard; sourceTree = "<group>"; };
		DBA608CA1E31414C006207C9 /* Info.plist */ = {isa = PBXFileReference; lastKnownFileType = text.plist.xml; path = Info.plist; sourceTree = "<group>"; };
		DBA608D11E314348006207C9 /* MapKit.framework */ = {isa = PBXFileReference; lastKnownFileType = wrapper.framework; name = MapKit.framework; path = System/Library/Frameworks/MapKit.framework; sourceTree = SDKROOT; };
/* End PBXFileReference section */

/* Begin PBXFrameworksBuildPhase section */
		DBA608B81E31414C006207C9 /* Frameworks */ = {
			isa = PBXFrameworksBuildPhase;
			buildActionMask = 2147483647;
			files = (
				DBA608D21E314348006207C9 /* MapKit.framework in Frameworks */,
			);
			runOnlyForDeploymentPostprocessing = 0;
		};
/* End PBXFrameworksBuildPhase section */

/* Begin PBXGroup section */
		DBA608B21E31414C006207C9 = {
			isa = PBXGroup;
			children = (
				DBA608BD1E31414C006207C9 /* MapKitExample */,
				DBA608BC1E31414C006207C9 /* Products */,
				DBA608D01E314348006207C9 /* Frameworks */,
			);
			sourceTree = "<group>";
		};
		DBA608BC1E31414C006207C9 /* Products */ = {
			isa = PBXGroup;
			children = (
				DBA608BB1E31414C006207C9 /* MapKitExample.app */,
			);
			name = Products;
			sourceTree = "<group>";
		};
		DBA608BD1E31414C006207C9 /* MapKitExample */ = {
			isa = PBXGroup;
			children = (
				DBA608BE1E31414C006207C9 /* AppDelegate.swift */,
				DBA608C01E31414C006207C9 /* ViewController.swift */,
				DBA608C21E31414C006207C9 /* Main.storyboard */,
				DBA608C51E31414C006207C9 /* Assets.xcassets */,
				DBA608C71E31414C006207C9 /* LaunchScreen.storyboard */,
				DBA608CA1E31414C006207C9 /* Info.plist */,
			);
			path = MapKitExample;
			sourceTree = "<group>";
		};
		DBA608D01E314348006207C9 /* Frameworks */ = {
			isa = PBXGroup;
			children = (
				DBA608D11E314348006207C9 /* MapKit.framework */,
			);
			name = Frameworks;
			sourceTree = "<group>";
		};
/* End PBXGroup section */

/* Begin PBXNativeTarget section */
		DBA608BA1E31414C006207C9 /* MapKitExample */ = {
			isa = PBXNativeTarget;
			buildConfigurationList = DBA608CD1E31414C006207C9 /* Build configuration list for PBXNativeTarget "MapKitExample" */;
			buildPhases = (
				DBA608B71E31414C006207C9 /* Sources */,
				DBA608B81E31414C006207C9 /* Frameworks */,
				DBA608B91E31414C006207C9 /* Resources */,
			);
			buildRules = (
			);
			dependencies = (
			);
			name = MapKitExample;
			productName = MapKitExample;
			productReference = DBA608BB1E31414C006207C9 /* MapKitExample.app */;
			productType = "com.apple.product-type.application";
		};
/* End PBXNativeTarget section */

/* Begin PBXProject section */
		DBA608B31E31414C006207C9 /* Project object */ = {
			isa = PBXProject;
			attributes = {
				LastSwiftUpdateCheck = 0820;
				LastUpgradeCheck = 0820;
				ORGANIZATIONNAME = "WillowTree Apps, Inc.";
				TargetAttributes = {
					DBA608BA1E31414C006207C9 = {
						CreatedOnToolsVersion = 8.2.1;
						ProvisioningStyle = Automatic;
						SystemCapabilities = {
							com.apple.Maps.iOS = {
								enabled = 0;
							};
						};
					};
				};
			};
			buildConfigurationList = DBA608B61E31414C006207C9 /* Build configuration list for PBXProject "MapKitExample" */;
			compatibilityVersion = "Xcode 3.2";
			developmentRegion = English;
			hasScannedForEncodings = 0;
			knownRegions = (
				en,
				Base,
			);
			mainGroup = DBA608B21E31414C006207C9;
			productRefGroup = DBA608BC1E31414C006207C9 /* Products */;
			projectDirPath = "";
			projectRoot = "";
			targets = (
				DBA608BA1E31414C006207C9 /* MapKitExample */,
			);
		};
/* End PBXProject section */

/* Begin PBXResourcesBuildPhase section */
		DBA608B91E31414C006207C9 /* Resources */ = {
			isa = PBXResourcesBuildPhase;
			buildActionMask = 2147483647;
			files = (
				DBA608C91E31414C006207C9 /* LaunchScreen.storyboard in Resources */,
				DBA608C61E31414C006207C9 /* Assets.xcassets in Resources */,
				DBA608C41E31414C006207C9 /* Main.storyboard in Resources */,
			);
			runOnlyForDeploymentPostprocessing = 0;
		};
/* End PBXResourcesBuildPhase section */

/* Begin PBXSourcesBuildPhase section */
		DBA608B71E31414C006207C9 /* Sources */ = {
			isa = PBXSourcesBuildPhase;
			buildActionMask = 2147483647;
			files = (
				DBA608C11E31414C006207C9 /* ViewController.swift in Sources */,
				DBA608BF1E31414C006207C9 /* AppDelegate.swift in Sources */,
			);
			runOnlyForDeploymentPostprocessing = 0;
		};
/* End PBXSourcesBuildPhase section */

/* Begin PBXVariantGroup section */
		DBA608C21E31414C006207C9 /* Main.storyboard */ = {
			isa = PBXVariantGroup;
			children = (
				DBA608C31E31414C006207C9 /* Base */,
			);
			name = Main.storyboard;
			sourceTree = "<group>";
		};
		DBA608C71E31414C006207C9 /* LaunchScreen.storyboard */ = {
			isa = PBXVariantGroup;
			children = (
				DBA608C81E31414C006207C9 /* Base */,
			);
			name = LaunchScreen.storyboard;
			sourceTree = "<group>";
		};
/* End PBXVariantGroup section */

/* Begin XCBuildConfiguration section */
		DBA608CB1E31414C006207C9 /* Debug */ = {
			isa = XCBuildConfiguration;
			buildSettings = {
				ALWAYS_SEARCH_USER_PATHS = NO;
				CLANG_ANALYZER_NONNULL = YES;
				CLANG_CXX_LANGUAGE_STANDARD = "gnu++0x";
				CLANG_CXX_LIBRARY = "libc++";
				CLANG_ENABLE_MODULES = YES;
				CLANG_ENABLE_OBJC_ARC = YES;
				CLANG_WARN_BOOL_CONVERSION = YES;
				CLANG_WARN_CONSTANT_CONVERSION = YES;
				CLANG_WARN_DIRECT_OBJC_ISA_USAGE = YES_ERROR;
				CLANG_WARN_DOCUMENTATION_COMMENTS = YES;
				CLANG_WARN_EMPTY_BODY = YES;
				CLANG_WARN_ENUM_CONVERSION = YES;
				CLANG_WARN_INFINITE_RECURSION = YES;
				CLANG_WARN_INT_CONVERSION = YES;
				CLANG_WARN_OBJC_ROOT_CLASS = YES_ERROR;
				CLANG_WARN_SUSPICIOUS_MOVE = YES;
				CLANG_WARN_UNREACHABLE_CODE = YES;
				CLANG_WARN__DUPLICATE_METHOD_MATCH = YES;
				"CODE_SIGN_IDENTITY[sdk=iphoneos*]" = "iPhone Developer";
				COPY_PHASE_STRIP = NO;
				DEBUG_INFORMATION_FORMAT = dwarf;
				ENABLE_STRICT_OBJC_MSGSEND = YES;
				ENABLE_TESTABILITY = YES;
				GCC_C_LANGUAGE_STANDARD = gnu99;
				GCC_DYNAMIC_NO_PIC = NO;
				GCC_NO_COMMON_BLOCKS = YES;
				GCC_OPTIMIZATION_LEVEL = 0;
				GCC_PREPROCESSOR_DEFINITIONS = (
					"DEBUG=1",
					"$(inherited)",
				);
				GCC_WARN_64_TO_32_BIT_CONVERSION = YES;
				GCC_WARN_ABOUT_RETURN_TYPE = YES_ERROR;
				GCC_WARN_UNDECLARED_SELECTOR = YES;
				GCC_WARN_UNINITIALIZED_AUTOS = YES_AGGRESSIVE;
				GCC_WARN_UNUSED_FUNCTION = YES;
				GCC_WARN_UNUSED_VARIABLE = YES;
				IPHONEOS_DEPLOYMENT_TARGET = 10.2;
				MTL_ENABLE_DEBUG_INFO = YES;
				ONLY_ACTIVE_ARCH = YES;
				SDKROOT = iphoneos;
				SWIFT_ACTIVE_COMPILATION_CONDITIONS = DEBUG;
				SWIFT_OPTIMIZATION_LEVEL = "-Onone";
			};
			name = Debug;
		};
		DBA608CC1E31414C006207C9 /* Release */ = {
			isa = XCBuildConfiguration;
			buildSettings = {
				ALWAYS_SEARCH_USER_PATHS = NO;
				CLANG_ANALYZER_NONNULL = YES;
				CLANG_CXX_LANGUAGE_STANDARD = "gnu++0x";
				CLANG_CXX_LIBRARY = "libc++";
				CLANG_ENABLE_MODULES = YES;
				CLANG_ENABLE_OBJC_ARC = YES;
				CLANG_WARN_BOOL_CONVERSION = YES;
				CLANG_WARN_CONSTANT_CONVERSION = YES;
				CLANG_WARN_DIRECT_OBJC_ISA_USAGE = YES_ERROR;
				CLANG_WARN_DOCUMENTATION_COMMENTS = YES;
				CLANG_WARN_EMPTY_BODY = YES;
				CLANG_WARN_ENUM_CONVERSION = YES;
				CLANG_WARN_INFINITE_RECURSION = YES;
				CLANG_WARN_INT_CONVERSION = YES;
				CLANG_WARN_OBJC_ROOT_CLASS = YES_ERROR;
				CLANG_WARN_SUSPICIOUS_MOVE = YES;
				CLANG_WARN_UNREACHABLE_CODE = YES;
				CLANG_WARN__DUPLICATE_METHOD_MATCH = YES;
				"CODE_SIGN_IDENTITY[sdk=iphoneos*]" = "iPhone Developer";
				COPY_PHASE_STRIP = NO;
				DEBUG_INFORMATION_FORMAT = "dwarf-with-dsym";
				ENABLE_NS_ASSERTIONS = NO;
				ENABLE_STRICT_OBJC_MSGSEND = YES;
				GCC_C_LANGUAGE_STANDARD = gnu99;
				GCC_NO_COMMON_BLOCKS = YES;
				GCC_WARN_64_TO_32_BIT_CONVERSION = YES;
				GCC_WARN_ABOUT_RETURN_TYPE = YES_ERROR;
				GCC_WARN_UNDECLARED_SELECTOR = YES;
				GCC_WARN_UNINITIALIZED_AUTOS = YES_AGGRESSIVE;
				GCC_WARN_UNUSED_FUNCTION = YES;
				GCC_WARN_UNUSED_VARIABLE = YES;
				IPHONEOS_DEPLOYMENT_TARGET = 10.2;
				MTL_ENABLE_DEBUG_INFO = NO;
				SDKROOT = iphoneos;
				SWIFT_OPTIMIZATION_LEVEL = "-Owholemodule";
				VALIDATE_PRODUCT = YES;
			};
			name = Release;
		};
		DBA608CE1E31414C006207C9 /* Debug */ = {
			isa = XCBuildConfiguration;
			buildSettings = {
				ASSETCATALOG_COMPILER_APPICON_NAME = AppIcon;
				INFOPLIST_FILE = MapKitExample/Info.plist;
				LD_RUNPATH_SEARCH_PATHS = "$(inherited) @executable_path/Frameworks";
				PRODUCT_BUNDLE_IDENTIFIER = com.willowtreeapps.MapKitExample;
				PRODUCT_NAME = "$(TARGET_NAME)";
				SWIFT_VERSION = 3.0;
			};
			name = Debug;
		};
		DBA608CF1E31414C006207C9 /* Release */ = {
			isa = XCBuildConfiguration;
			buildSettings = {
				ASSETCATALOG_COMPILER_APPICON_NAME = AppIcon;
				INFOPLIST_FILE = MapKitExample/Info.plist;
				LD_RUNPATH_SEARCH_PATHS = "$(inherited) @executable_path/Frameworks";
				PRODUCT_BUNDLE_IDENTIFIER = com.willowtreeapps.MapKitExample;
				PRODUCT_NAME = "$(TARGET_NAME)";
				SWIFT_VERSION = 3.0;
			};
			name = Release;
		};
/* End XCBuildConfiguration section */

/* Begin XCConfigurationList section */
		DBA608B61E31414C006207C9 /* Build configuration list for PBXProject "MapKitExample" */ = {
			isa = XCConfigurationList;
			buildConfigurations = (
				DBA608CB1E31414C006207C9 /* Debug */,
				DBA608CC1E31414C006207C9 /* Release */,
			);
			defaultConfigurationIsVisible = 0;
			defaultConfigurationName = Release;
		};
		DBA608CD1E31414C006207C9 /* Build configuration list for PBXNativeTarget "MapKitExample" */ = {
			isa = XCConfigurationList;
			buildConfigurations = (
				DBA608CE1E31414C006207C9 /* Debug */,
				DBA608CF1E31414C006207C9 /* Release */,
			);
			defaultConfigurationIsVisible = 0;
		};
/* End XCConfigurationList section */
	};
	rootObject = DBA608B31E31414C006207C9 /* Project object */;
}
