// !$*UTF8*$!
{
	archiveVersion = 1;
	classes = {
	};
	objectVersion = 46;
	objects = {

/* Begin PBXBuildFile section */
		B68EEBD4B6FD98C7BF519E32 /* Pods_RestAPIExample.framework in Frameworks */ = {isa = PBXBuildFile; fileRef = 0B9A1BF278BF610AF77534E7 /* Pods_RestAPIExample.framework */; };
		DBA608121E2FFEF9006207C9 /* AppDelegate.swift in Sources */ = {isa = PBXBuildFile; fileRef = DBA608111E2FFEF9006207C9 /* AppDelegate.swift */; };
		DBA608141E2FFEF9006207C9 /* ViewController.swift in Sources */ = {isa = PBXBuildFile; fileRef = DBA608131E2FFEF9006207C9 /* ViewController.swift */; };
		DBA608171E2FFEF9006207C9 /* Main.storyboard in Resources */ = {isa = PBXBuildFile; fileRef = DBA608151E2FFEF9006207C9 /* Main.storyboard */; };
		DBA608191E2FFEF9006207C9 /* Assets.xcassets in Resources */ = {isa = PBXBuildFile; fileRef = DBA608181E2FFEF9006207C9 /* Assets.xcassets */; };
		DBA6081C1E2FFEF9006207C9 /* LaunchScreen.storyboard in Resources */ = {isa = PBXBuildFile; fileRef = DBA6081A1E2FFEF9006207C9 /* LaunchScreen.storyboard */; };
		DBA608251E300F14006207C9 /* Pokemon.swift in Sources */ = {isa = PBXBuildFile; fileRef = DBA608241E300F14006207C9 /* Pokemon.swift */; };
/* End PBXBuildFile section */

/* Begin PBXFileReference section */
		0B9A1BF278BF610AF77534E7 /* Pods_RestAPIExample.framework */ = {isa = PBXFileReference; explicitFileType = wrapper.framework; includeInIndex = 0; path = Pods_RestAPIExample.framework; sourceTree = BUILT_PRODUCTS_DIR; };
		6BAF0DBC9836CD6F908F167D /* Pods-RestAPIExample.debug.xcconfig */ = {isa = PBXFileReference; includeInIndex = 1; lastKnownFileType = text.xcconfig; name = "Pods-RestAPIExample.debug.xcconfig"; path = "Pods/Target Support Files/Pods-RestAPIExample/Pods-RestAPIExample.debug.xcconfig"; sourceTree = "<group>"; };
		DBA6080E1E2FFEF9006207C9 /* RestAPIExample.app */ = {isa = PBXFileReference; explicitFileType = wrapper.application; includeInIndex = 0; path = RestAPIExample.app; sourceTree = BUILT_PRODUCTS_DIR; };
		DBA608111E2FFEF9006207C9 /* AppDelegate.swift */ = {isa = PBXFileReference; lastKnownFileType = sourcecode.swift; path = AppDelegate.swift; sourceTree = "<group>"; };
		DBA608131E2FFEF9006207C9 /* ViewController.swift */ = {isa = PBXFileReference; lastKnownFileType = sourcecode.swift; path = ViewController.swift; sourceTree = "<group>"; };
		DBA608161E2FFEF9006207C9 /* Base */ = {isa = PBXFileReference; lastKnownFileType = file.storyboard; name = Base; path = Base.lproj/Main.storyboard; sourceTree = "<group>"; };
		DBA608181E2FFEF9006207C9 /* Assets.xcassets */ = {isa = PBXFileReference; lastKnownFileType = folder.assetcatalog; path = Assets.xcassets; sourceTree = "<group>"; };
		DBA6081B1E2FFEF9006207C9 /* Base */ = {isa = PBXFileReference; lastKnownFileType = file.storyboard; name = Base; path = Base.lproj/LaunchScreen.storyboard; sourceTree = "<group>"; };
		DBA6081D1E2FFEF9006207C9 /* Info.plist */ = {isa = PBXFileReference; lastKnownFileType = text.plist.xml; path = Info.plist; sourceTree = "<group>"; };
		DBA608241E300F14006207C9 /* Pokemon.swift */ = {isa = PBXFileReference; fileEncoding = 4; lastKnownFileType = sourcecode.swift; name = Pokemon.swift; path = Models/Pokemon.swift; sourceTree = "<group>"; };
		EB78A71AD4F5D51C51F297FE /* Pods-RestAPIExample.release.xcconfig */ = {isa = PBXFileReference; includeInIndex = 1; lastKnownFileType = text.xcconfig; name = "Pods-RestAPIExample.release.xcconfig"; path = "Pods/Target Support Files/Pods-RestAPIExample/Pods-RestAPIExample.release.xcconfig"; sourceTree = "<group>"; };
/* End PBXFileReference section */

/* Begin PBXFrameworksBuildPhase section */
		DBA6080B1E2FFEF8006207C9 /* Frameworks */ = {
			isa = PBXFrameworksBuildPhase;
			buildActionMask = 2147483647;
			files = (
				B68EEBD4B6FD98C7BF519E32 /* Pods_RestAPIExample.framework in Frameworks */,
			);
			runOnlyForDeploymentPostprocessing = 0;
		};
/* End PBXFrameworksBuildPhase section */

/* Begin PBXGroup section */
		9F7C934C940A40B061274C08 /* Frameworks */ = {
			isa = PBXGroup;
			children = (
				0B9A1BF278BF610AF77534E7 /* Pods_RestAPIExample.framework */,
			);
			name = Frameworks;
			sourceTree = "<group>";
		};
		CC7246780A180B3160DB8123 /* Pods */ = {
			isa = PBXGroup;
			children = (
				6BAF0DBC9836CD6F908F167D /* Pods-RestAPIExample.debug.xcconfig */,
				EB78A71AD4F5D51C51F297FE /* Pods-RestAPIExample.release.xcconfig */,
			);
			name = Pods;
			sourceTree = "<group>";
		};
		DBA608051E2FFEF8006207C9 = {
			isa = PBXGroup;
			children = (
				DBA608101E2FFEF9006207C9 /* RestAPIExample */,
				DBA6080F1E2FFEF9006207C9 /* Products */,
				CC7246780A180B3160DB8123 /* Pods */,
				9F7C934C940A40B061274C08 /* Frameworks */,
			);
			sourceTree = "<group>";
		};
		DBA6080F1E2FFEF9006207C9 /* Products */ = {
			isa = PBXGroup;
			children = (
				DBA6080E1E2FFEF9006207C9 /* RestAPIExample.app */,
			);
			name = Products;
			sourceTree = "<group>";
		};
		DBA608101E2FFEF9006207C9 /* RestAPIExample */ = {
			isa = PBXGroup;
			children = (
				DBA608111E2FFEF9006207C9 /* AppDelegate.swift */,
				DBA608131E2FFEF9006207C9 /* ViewController.swift */,
				DBA608231E300F06006207C9 /* Models */,
				DBA608151E2FFEF9006207C9 /* Main.storyboard */,
				DBA608181E2FFEF9006207C9 /* Assets.xcassets */,
				DBA6081A1E2FFEF9006207C9 /* LaunchScreen.storyboard */,
				DBA6081D1E2FFEF9006207C9 /* Info.plist */,
			);
			path = RestAPIExample;
			sourceTree = "<group>";
		};
		DBA608231E300F06006207C9 /* Models */ = {
			isa = PBXGroup;
			children = (
				DBA608241E300F14006207C9 /* Pokemon.swift */,
			);
			name = Models;
			sourceTree = "<group>";
		};
/* End PBXGroup section */

/* Begin PBXNativeTarget section */
		DBA6080D1E2FFEF8006207C9 /* RestAPIExample */ = {
			isa = PBXNativeTarget;
			buildConfigurationList = DBA608201E2FFEF9006207C9 /* Build configuration list for PBXNativeTarget "RestAPIExample" */;
			buildPhases = (
				BC51BD557945D373CEEB607F /* [CP] Check Pods Manifest.lock */,
				DBA6080A1E2FFEF8006207C9 /* Sources */,
				DBA6080B1E2FFEF8006207C9 /* Frameworks */,
				DBA6080C1E2FFEF8006207C9 /* Resources */,
				C79000D209F99A8C58F2641E /* [CP] Embed Pods Frameworks */,
				D93A2EF5B1600747A3AEBA00 /* [CP] Copy Pods Resources */,
			);
			buildRules = (
			);
			dependencies = (
			);
			name = RestAPIExample;
			productName = RestAPIExample;
			productReference = DBA6080E1E2FFEF9006207C9 /* RestAPIExample.app */;
			productType = "com.apple.product-type.application";
		};
/* End PBXNativeTarget section */

/* Begin PBXProject section */
		DBA608061E2FFEF8006207C9 /* Project object */ = {
			isa = PBXProject;
			attributes = {
				LastSwiftUpdateCheck = 0820;
				LastUpgradeCheck = 0820;
				ORGANIZATIONNAME = "WillowTree Apps, Inc.";
				TargetAttributes = {
					DBA6080D1E2FFEF8006207C9 = {
						CreatedOnToolsVersion = 8.2.1;
						ProvisioningStyle = Automatic;
					};
				};
			};
			buildConfigurationList = DBA608091E2FFEF8006207C9 /* Build configuration list for PBXProject "RestAPIExample" */;
			compatibilityVersion = "Xcode 3.2";
			developmentRegion = English;
			hasScannedForEncodings = 0;
			knownRegions = (
				en,
				Base,
			);
			mainGroup = DBA608051E2FFEF8006207C9;
			productRefGroup = DBA6080F1E2FFEF9006207C9 /* Products */;
			projectDirPath = "";
			projectRoot = "";
			targets = (
				DBA6080D1E2FFEF8006207C9 /* RestAPIExample */,
			);
		};
/* End PBXProject section */

/* Begin PBXResourcesBuildPhase section */
		DBA6080C1E2FFEF8006207C9 /* Resources */ = {
			isa = PBXResourcesBuildPhase;
			buildActionMask = 2147483647;
			files = (
				DBA6081C1E2FFEF9006207C9 /* LaunchScreen.storyboard in Resources */,
				DBA608191E2FFEF9006207C9 /* Assets.xcassets in Resources */,
				DBA608171E2FFEF9006207C9 /* Main.storyboard in Resources */,
			);
			runOnlyForDeploymentPostprocessing = 0;
		};
/* End PBXResourcesBuildPhase section */

/* Begin PBXShellScriptBuildPhase section */
		BC51BD557945D373CEEB607F /* [CP] Check Pods Manifest.lock */ = {
			isa = PBXShellScriptBuildPhase;
			buildActionMask = 2147483647;
			files = (
			);
			inputPaths = (
			);
			name = "[CP] Check Pods Manifest.lock";
			outputPaths = (
			);
			runOnlyForDeploymentPostprocessing = 0;
			shellPath = /bin/sh;
			shellScript = "diff \"${PODS_ROOT}/../Podfile.lock\" \"${PODS_ROOT}/Manifest.lock\" > /dev/null\nif [ $? != 0 ] ; then\n    # print error to STDERR\n    echo \"error: The sandbox is not in sync with the Podfile.lock. Run 'pod install' or update your CocoaPods installation.\" >&2\n    exit 1\nfi\n";
			showEnvVarsInLog = 0;
		};
		C79000D209F99A8C58F2641E /* [CP] Embed Pods Frameworks */ = {
			isa = PBXShellScriptBuildPhase;
			buildActionMask = 2147483647;
			files = (
			);
			inputPaths = (
			);
			name = "[CP] Embed Pods Frameworks";
			outputPaths = (
			);
			runOnlyForDeploymentPostprocessing = 0;
			shellPath = /bin/sh;
			shellScript = "\"${SRCROOT}/Pods/Target Support Files/Pods-RestAPIExample/Pods-RestAPIExample-frameworks.sh\"\n";
			showEnvVarsInLog = 0;
		};
		D93A2EF5B1600747A3AEBA00 /* [CP] Copy Pods Resources */ = {
			isa = PBXShellScriptBuildPhase;
			buildActionMask = 2147483647;
			files = (
			);
			inputPaths = (
			);
			name = "[CP] Copy Pods Resources";
			outputPaths = (
			);
			runOnlyForDeploymentPostprocessing = 0;
			shellPath = /bin/sh;
			shellScript = "\"${SRCROOT}/Pods/Target Support Files/Pods-RestAPIExample/Pods-RestAPIExample-resources.sh\"\n";
			showEnvVarsInLog = 0;
		};
/* End PBXShellScriptBuildPhase section */

/* Begin PBXSourcesBuildPhase section */
		DBA6080A1E2FFEF8006207C9 /* Sources */ = {
			isa = PBXSourcesBuildPhase;
			buildActionMask = 2147483647;
			files = (
				DBA608141E2FFEF9006207C9 /* ViewController.swift in Sources */,
				DBA608121E2FFEF9006207C9 /* AppDelegate.swift in Sources */,
				DBA608251E300F14006207C9 /* Pokemon.swift in Sources */,
			);
			runOnlyForDeploymentPostprocessing = 0;
		};
/* End PBXSourcesBuildPhase section */

/* Begin PBXVariantGroup section */
		DBA608151E2FFEF9006207C9 /* Main.storyboard */ = {
			isa = PBXVariantGroup;
			children = (
				DBA608161E2FFEF9006207C9 /* Base */,
			);
			name = Main.storyboard;
			sourceTree = "<group>";
		};
		DBA6081A1E2FFEF9006207C9 /* LaunchScreen.storyboard */ = {
			isa = PBXVariantGroup;
			children = (
				DBA6081B1E2FFEF9006207C9 /* Base */,
			);
			name = LaunchScreen.storyboard;
			sourceTree = "<group>";
		};
/* End PBXVariantGroup section */

/* Begin XCBuildConfiguration section */
		DBA6081E1E2FFEF9006207C9 /* Debug */ = {
			isa = XCBuildConfiguration;
			buildSettings = {
				ALWAYS_SEARCH_USER_PATHS = NO;
				CLANG_ANALYZER_NONNULL = YES;
				CLANG_CXX_LANGUAGE_STANDARD = "gnu++0x";
				CLANG_CXX_LIBRARY = "libc++";
				CLANG_ENABLE_MODULES = YES;
				CLANG_ENABLE_OBJC_ARC = YES;
				CLANG_WARN_BOOL_CONVERSION = YES;
				CLANG_WARN_CONSTANT_CONVERSION = YES;
				CLANG_WARN_DIRECT_OBJC_ISA_USAGE = YES_ERROR;
				CLANG_WARN_DOCUMENTATION_COMMENTS = YES;
				CLANG_WARN_EMPTY_BODY = YES;
				CLANG_WARN_ENUM_CONVERSION = YES;
				CLANG_WARN_INFINITE_RECURSION = YES;
				CLANG_WARN_INT_CONVERSION = YES;
				CLANG_WARN_OBJC_ROOT_CLASS = YES_ERROR;
				CLANG_WARN_SUSPICIOUS_MOVE = YES;
				CLANG_WARN_UNREACHABLE_CODE = YES;
				CLANG_WARN__DUPLICATE_METHOD_MATCH = YES;
				"CODE_SIGN_IDENTITY[sdk=iphoneos*]" = "iPhone Developer";
				COPY_PHASE_STRIP = NO;
				DEBUG_INFORMATION_FORMAT = dwarf;
				ENABLE_STRICT_OBJC_MSGSEND = YES;
				ENABLE_TESTABILITY = YES;
				GCC_C_LANGUAGE_STANDARD = gnu99;
				GCC_DYNAMIC_NO_PIC = NO;
				GCC_NO_COMMON_BLOCKS = YES;
				GCC_OPTIMIZATION_LEVEL = 0;
				GCC_PREPROCESSOR_DEFINITIONS = (
					"DEBUG=1",
					"$(inherited)",
				);
				GCC_WARN_64_TO_32_BIT_CONVERSION = YES;
				GCC_WARN_ABOUT_RETURN_TYPE = YES_ERROR;
				GCC_WARN_UNDECLARED_SELECTOR = YES;
				GCC_WARN_UNINITIALIZED_AUTOS = YES_AGGRESSIVE;
				GCC_WARN_UNUSED_FUNCTION = YES;
				GCC_WARN_UNUSED_VARIABLE = YES;
				IPHONEOS_DEPLOYMENT_TARGET = 10.2;
				MTL_ENABLE_DEBUG_INFO = YES;
				ONLY_ACTIVE_ARCH = YES;
				SDKROOT = iphoneos;
				SWIFT_ACTIVE_COMPILATION_CONDITIONS = DEBUG;
				SWIFT_OPTIMIZATION_LEVEL = "-Onone";
			};
			name = Debug;
		};
		DBA6081F1E2FFEF9006207C9 /* Release */ = {
			isa = XCBuildConfiguration;
			buildSettings = {
				ALWAYS_SEARCH_USER_PATHS = NO;
				CLANG_ANALYZER_NONNULL = YES;
				CLANG_CXX_LANGUAGE_STANDARD = "gnu++0x";
				CLANG_CXX_LIBRARY = "libc++";
				CLANG_ENABLE_MODULES = YES;
				CLANG_ENABLE_OBJC_ARC = YES;
				CLANG_WARN_BOOL_CONVERSION = YES;
				CLANG_WARN_CONSTANT_CONVERSION = YES;
				CLANG_WARN_DIRECT_OBJC_ISA_USAGE = YES_ERROR;
				CLANG_WARN_DOCUMENTATION_COMMENTS = YES;
				CLANG_WARN_EMPTY_BODY = YES;
				CLANG_WARN_ENUM_CONVERSION = YES;
				CLANG_WARN_INFINITE_RECURSION = YES;
				CLANG_WARN_INT_CONVERSION = YES;
				CLANG_WARN_OBJC_ROOT_CLASS = YES_ERROR;
				CLANG_WARN_SUSPICIOUS_MOVE = YES;
				CLANG_WARN_UNREACHABLE_CODE = YES;
				CLANG_WARN__DUPLICATE_METHOD_MATCH = YES;
				"CODE_SIGN_IDENTITY[sdk=iphoneos*]" = "iPhone Developer";
				COPY_PHASE_STRIP = NO;
				DEBUG_INFORMATION_FORMAT = "dwarf-with-dsym";
				ENABLE_NS_ASSERTIONS = NO;
				ENABLE_STRICT_OBJC_MSGSEND = YES;
				GCC_C_LANGUAGE_STANDARD = gnu99;
				GCC_NO_COMMON_BLOCKS = YES;
				GCC_WARN_64_TO_32_BIT_CONVERSION = YES;
				GCC_WARN_ABOUT_RETURN_TYPE = YES_ERROR;
				GCC_WARN_UNDECLARED_SELECTOR = YES;
				GCC_WARN_UNINITIALIZED_AUTOS = YES_AGGRESSIVE;
				GCC_WARN_UNUSED_FUNCTION = YES;
				GCC_WARN_UNUSED_VARIABLE = YES;
				IPHONEOS_DEPLOYMENT_TARGET = 10.2;
				MTL_ENABLE_DEBUG_INFO = NO;
				SDKROOT = iphoneos;
				SWIFT_OPTIMIZATION_LEVEL = "-Owholemodule";
				VALIDATE_PRODUCT = YES;
			};
			name = Release;
		};
		DBA608211E2FFEF9006207C9 /* Debug */ = {
			isa = XCBuildConfiguration;
			baseConfigurationReference = 6BAF0DBC9836CD6F908F167D /* Pods-RestAPIExample.debug.xcconfig */;
			buildSettings = {
				ASSETCATALOG_COMPILER_APPICON_NAME = AppIcon;
				DEVELOPMENT_TEAM = "";
				INFOPLIST_FILE = RestAPIExample/Info.plist;
				LD_RUNPATH_SEARCH_PATHS = "$(inherited) @executable_path/Frameworks";
				PRODUCT_BUNDLE_IDENTIFIER = com.willowtreeapps.RestAPIExample;
				PRODUCT_NAME = "$(TARGET_NAME)";
				SWIFT_VERSION = 3.0;
			};
			name = Debug;
		};
		DBA608221E2FFEF9006207C9 /* Release */ = {
			isa = XCBuildConfiguration;
			baseConfigurationReference = EB78A71AD4F5D51C51F297FE /* Pods-RestAPIExample.release.xcconfig */;
			buildSettings = {
				ASSETCATALOG_COMPILER_APPICON_NAME = AppIcon;
				DEVELOPMENT_TEAM = "";
				INFOPLIST_FILE = RestAPIExample/Info.plist;
				LD_RUNPATH_SEARCH_PATHS = "$(inherited) @executable_path/Frameworks";
				PRODUCT_BUNDLE_IDENTIFIER = com.willowtreeapps.RestAPIExample;
				PRODUCT_NAME = "$(TARGET_NAME)";
				SWIFT_VERSION = 3.0;
			};
			name = Release;
		};
/* End XCBuildConfiguration section */

/* Begin XCConfigurationList section */
		DBA608091E2FFEF8006207C9 /* Build configuration list for PBXProject "RestAPIExample" */ = {
			isa = XCConfigurationList;
			buildConfigurations = (
				DBA6081E1E2FFEF9006207C9 /* Debug */,
				DBA6081F1E2FFEF9006207C9 /* Release */,
			);
			defaultConfigurationIsVisible = 0;
			defaultConfigurationName = Release;
		};
		DBA608201E2FFEF9006207C9 /* Build configuration list for PBXNativeTarget "RestAPIExample" */ = {
			isa = XCConfigurationList;
			buildConfigurations = (
				DBA608211E2FFEF9006207C9 /* Debug */,
				DBA608221E2FFEF9006207C9 /* Release */,
			);
			defaultConfigurationIsVisible = 0;
			defaultConfigurationName = Release;
		};
/* End XCConfigurationList section */
	};
	rootObject = DBA608061E2FFEF8006207C9 /* Project object */;
}
